// !$*UTF8*$!
{
	archiveVersion = 1;
	classes = {
	};
	objectVersion = 50;
	objects = {

/* Begin PBXBuildFile section */
		F89C00B2235462CC00282238 /* AppDelegate.swift in Sources */ = {isa = PBXBuildFile; fileRef = F89C00B1235462CC00282238 /* AppDelegate.swift */; };
		F89C00B4235462CC00282238 /* SceneDelegate.swift in Sources */ = {isa = PBXBuildFile; fileRef = F89C00B3235462CC00282238 /* SceneDelegate.swift */; };
		F89C00B6235462CC00282238 /* LoginView.swift in Sources */ = {isa = PBXBuildFile; fileRef = F89C00B5235462CC00282238 /* LoginView.swift */; };
		F89C00B8235462CD00282238 /* Assets.xcassets in Resources */ = {isa = PBXBuildFile; fileRef = F89C00B7235462CD00282238 /* Assets.xcassets */; };
		F89C00BB235462CD00282238 /* Preview Assets.xcassets in Resources */ = {isa = PBXBuildFile; fileRef = F89C00BA235462CD00282238 /* Preview Assets.xcassets */; };
		F89C00BE235462CD00282238 /* LaunchScreen.storyboard in Resources */ = {isa = PBXBuildFile; fileRef = F89C00BC235462CD00282238 /* LaunchScreen.storyboard */; };
		F89C00C9235462CD00282238 /* SwiftUI_MVVMTests.swift in Sources */ = {isa = PBXBuildFile; fileRef = F89C00C8235462CD00282238 /* SwiftUI_MVVMTests.swift */; };
		F89C00D4235462CD00282238 /* SwiftUI_MVVMUITests.swift in Sources */ = {isa = PBXBuildFile; fileRef = F89C00D3235462CD00282238 /* SwiftUI_MVVMUITests.swift */; };
		F89C00E22354634600282238 /* LoginViewModel.swift in Sources */ = {isa = PBXBuildFile; fileRef = F89C00E12354634600282238 /* LoginViewModel.swift */; };
		F8D66B7623547F43003D1E46 /* User.swift in Sources */ = {isa = PBXBuildFile; fileRef = F8D66B7523547F43003D1E46 /* User.swift */; };
		F8D66B7A23548BD5003D1E46 /* AuthProviderProtocol.swift in Sources */ = {isa = PBXBuildFile; fileRef = F8D66B7923548BD5003D1E46 /* AuthProviderProtocol.swift */; };
		F8D66B7C23548C41003D1E46 /* AuthProvider.swift in Sources */ = {isa = PBXBuildFile; fileRef = F8D66B7B23548C41003D1E46 /* AuthProvider.swift */; };
		F8D66B7E2354904A003D1E46 /* RootView.swift in Sources */ = {isa = PBXBuildFile; fileRef = F8D66B7D2354904A003D1E46 /* RootView.swift */; };
		F8D66B8223549542003D1E46 /* Session.swift in Sources */ = {isa = PBXBuildFile; fileRef = F8D66B8123549542003D1E46 /* Session.swift */; };
		F8D66B842354971F003D1E46 /* HomeView.swift in Sources */ = {isa = PBXBuildFile; fileRef = F8D66B832354971F003D1E46 /* HomeView.swift */; };
		F8D66B8623549A2D003D1E46 /* HomeViewModel.swift in Sources */ = {isa = PBXBuildFile; fileRef = F8D66B8523549A2D003D1E46 /* HomeViewModel.swift */; };
/* End PBXBuildFile section */

/* Begin PBXContainerItemProxy section */
		F89C00C5235462CD00282238 /* PBXContainerItemProxy */ = {
			isa = PBXContainerItemProxy;
			containerPortal = F89C00A6235462CC00282238 /* Project object */;
			proxyType = 1;
			remoteGlobalIDString = F89C00AD235462CC00282238;
			remoteInfo = "SwiftUI-MVVM";
		};
		F89C00D0235462CD00282238 /* PBXContainerItemProxy */ = {
			isa = PBXContainerItemProxy;
			containerPortal = F89C00A6235462CC00282238 /* Project object */;
			proxyType = 1;
			remoteGlobalIDString = F89C00AD235462CC00282238;
			remoteInfo = "SwiftUI-MVVM";
		};
/* End PBXContainerItemProxy section */

/* Begin PBXFileReference section */
		F89C00AE235462CC00282238 /* SwiftUI-MVVM.app */ = {isa = PBXFileReference; explicitFileType = wrapper.application; includeInIndex = 0; path = "SwiftUI-MVVM.app"; sourceTree = BUILT_PRODUCTS_DIR; };
		F89C00B1235462CC00282238 /* AppDelegate.swift */ = {isa = PBXFileReference; lastKnownFileType = sourcecode.swift; path = AppDelegate.swift; sourceTree = "<group>"; };
		F89C00B3235462CC00282238 /* SceneDelegate.swift */ = {isa = PBXFileReference; lastKnownFileType = sourcecode.swift; path = SceneDelegate.swift; sourceTree = "<group>"; };
		F89C00B5235462CC00282238 /* LoginView.swift */ = {isa = PBXFileReference; lastKnownFileType = sourcecode.swift; path = LoginView.swift; sourceTree = "<group>"; };
		F89C00B7235462CD00282238 /* Assets.xcassets */ = {isa = PBXFileReference; lastKnownFileType = folder.assetcatalog; path = Assets.xcassets; sourceTree = "<group>"; };
		F89C00BA235462CD00282238 /* Preview Assets.xcassets */ = {isa = PBXFileReference; lastKnownFileType = folder.assetcatalog; path = "Preview Assets.xcassets"; sourceTree = "<group>"; };
		F89C00BD235462CD00282238 /* Base */ = {isa = PBXFileReference; lastKnownFileType = file.storyboard; name = Base; path = Base.lproj/LaunchScreen.storyboard; sourceTree = "<group>"; };
		F89C00BF235462CD00282238 /* Info.plist */ = {isa = PBXFileReference; lastKnownFileType = text.plist.xml; path = Info.plist; sourceTree = "<group>"; };
		F89C00C4235462CD00282238 /* SwiftUI-MVVMTests.xctest */ = {isa = PBXFileReference; explicitFileType = wrapper.cfbundle; includeInIndex = 0; path = "SwiftUI-MVVMTests.xctest"; sourceTree = BUILT_PRODUCTS_DIR; };
		F89C00C8235462CD00282238 /* SwiftUI_MVVMTests.swift */ = {isa = PBXFileReference; lastKnownFileType = sourcecode.swift; path = SwiftUI_MVVMTests.swift; sourceTree = "<group>"; };
		F89C00CA235462CD00282238 /* Info.plist */ = {isa = PBXFileReference; lastKnownFileType = text.plist.xml; path = Info.plist; sourceTree = "<group>"; };
		F89C00CF235462CD00282238 /* SwiftUI-MVVMUITests.xctest */ = {isa = PBXFileReference; explicitFileType = wrapper.cfbundle; includeInIndex = 0; path = "SwiftUI-MVVMUITests.xctest"; sourceTree = BUILT_PRODUCTS_DIR; };
		F89C00D3235462CD00282238 /* SwiftUI_MVVMUITests.swift */ = {isa = PBXFileReference; lastKnownFileType = sourcecode.swift; path = SwiftUI_MVVMUITests.swift; sourceTree = "<group>"; };
		F89C00D5235462CD00282238 /* Info.plist */ = {isa = PBXFileReference; lastKnownFileType = text.plist.xml; path = Info.plist; sourceTree = "<group>"; };
		F89C00E12354634600282238 /* LoginViewModel.swift */ = {isa = PBXFileReference; lastKnownFileType = sourcecode.swift; path = LoginViewModel.swift; sourceTree = "<group>"; };
		F8D66B7523547F43003D1E46 /* User.swift */ = {isa = PBXFileReference; lastKnownFileType = sourcecode.swift; path = User.swift; sourceTree = "<group>"; };
		F8D66B7923548BD5003D1E46 /* AuthProviderProtocol.swift */ = {isa = PBXFileReference; lastKnownFileType = sourcecode.swift; path = AuthProviderProtocol.swift; sourceTree = "<group>"; };
		F8D66B7B23548C41003D1E46 /* AuthProvider.swift */ = {isa = PBXFileReference; lastKnownFileType = sourcecode.swift; path = AuthProvider.swift; sourceTree = "<group>"; };
		F8D66B7D2354904A003D1E46 /* RootView.swift */ = {isa = PBXFileReference; lastKnownFileType = sourcecode.swift; path = RootView.swift; sourceTree = "<group>"; };
		F8D66B8123549542003D1E46 /* Session.swift */ = {isa = PBXFileReference; lastKnownFileType = sourcecode.swift; path = Session.swift; sourceTree = "<group>"; };
		F8D66B832354971F003D1E46 /* HomeView.swift */ = {isa = PBXFileReference; lastKnownFileType = sourcecode.swift; path = HomeView.swift; sourceTree = "<group>"; };
		F8D66B8523549A2D003D1E46 /* HomeViewModel.swift */ = {isa = PBXFileReference; lastKnownFileType = sourcecode.swift; path = HomeViewModel.swift; sourceTree = "<group>"; };
/* End PBXFileReference section */

/* Begin PBXFrameworksBuildPhase section */
		F89C00AB235462CC00282238 /* Frameworks */ = {
			isa = PBXFrameworksBuildPhase;
			buildActionMask = 2147483647;
			files = (
			);
			runOnlyForDeploymentPostprocessing = 0;
		};
		F89C00C1235462CD00282238 /* Frameworks */ = {
			isa = PBXFrameworksBuildPhase;
			buildActionMask = 2147483647;
			files = (
			);
			runOnlyForDeploymentPostprocessing = 0;
		};
		F89C00CC235462CD00282238 /* Frameworks */ = {
			isa = PBXFrameworksBuildPhase;
			buildActionMask = 2147483647;
			files = (
			);
			runOnlyForDeploymentPostprocessing = 0;
		};
/* End PBXFrameworksBuildPhase section */

/* Begin PBXGroup section */
		F89C00A5235462CC00282238 = {
			isa = PBXGroup;
			children = (
				F89C00B0235462CC00282238 /* SwiftUI-MVVM */,
				F89C00C7235462CD00282238 /* SwiftUI-MVVMTests */,
				F89C00D2235462CD00282238 /* SwiftUI-MVVMUITests */,
				F89C00AF235462CC00282238 /* Products */,
			);
			sourceTree = "<group>";
		};
		F89C00AF235462CC00282238 /* Products */ = {
			isa = PBXGroup;
			children = (
				F89C00AE235462CC00282238 /* SwiftUI-MVVM.app */,
				F89C00C4235462CD00282238 /* SwiftUI-MVVMTests.xctest */,
				F89C00CF235462CD00282238 /* SwiftUI-MVVMUITests.xctest */,
			);
			name = Products;
			sourceTree = "<group>";
		};
		F89C00B0235462CC00282238 /* SwiftUI-MVVM */ = {
			isa = PBXGroup;
			children = (
				F89C00B1235462CC00282238 /* AppDelegate.swift */,
				F89C00B3235462CC00282238 /* SceneDelegate.swift */,
				F8D66B7D2354904A003D1E46 /* RootView.swift */,
				F89C00B5235462CC00282238 /* LoginView.swift */,
				F89C00E12354634600282238 /* LoginViewModel.swift */,
				F8D66B7923548BD5003D1E46 /* AuthProviderProtocol.swift */,
				F8D66B7B23548C41003D1E46 /* AuthProvider.swift */,
				F8D66B832354971F003D1E46 /* HomeView.swift */,
				F8D66B8523549A2D003D1E46 /* HomeViewModel.swift */,
				F8D66B7523547F43003D1E46 /* User.swift */,
				F8D66B8123549542003D1E46 /* Session.swift */,
				F89C00B7235462CD00282238 /* Assets.xcassets */,
				F89C00BC235462CD00282238 /* LaunchScreen.storyboard */,
				F89C00BF235462CD00282238 /* Info.plist */,
				F89C00B9235462CD00282238 /* Preview Content */,
			);
			path = "SwiftUI-MVVM";
			sourceTree = "<group>";
		};
		F89C00B9235462CD00282238 /* Preview Content */ = {
			isa = PBXGroup;
			children = (
				F89C00BA235462CD00282238 /* Preview Assets.xcassets */,
			);
			path = "Preview Content";
			sourceTree = "<group>";
		};
		F89C00C7235462CD00282238 /* SwiftUI-MVVMTests */ = {
			isa = PBXGroup;
			children = (
				F89C00C8235462CD00282238 /* SwiftUI_MVVMTests.swift */,
				F89C00CA235462CD00282238 /* Info.plist */,
			);
			path = "SwiftUI-MVVMTests";
			sourceTree = "<group>";
		};
		F89C00D2235462CD00282238 /* SwiftUI-MVVMUITests */ = {
			isa = PBXGroup;
			children = (
				F89C00D3235462CD00282238 /* SwiftUI_MVVMUITests.swift */,
				F89C00D5235462CD00282238 /* Info.plist */,
			);
			path = "SwiftUI-MVVMUITests";
			sourceTree = "<group>";
		};
/* End PBXGroup section */

/* Begin PBXNativeTarget section */
		F89C00AD235462CC00282238 /* SwiftUI-MVVM */ = {
			isa = PBXNativeTarget;
			buildConfigurationList = F89C00D8235462CD00282238 /* Build configuration list for PBXNativeTarget "SwiftUI-MVVM" */;
			buildPhases = (
				F89C00AA235462CC00282238 /* Sources */,
				F89C00AB235462CC00282238 /* Frameworks */,
				F89C00AC235462CC00282238 /* Resources */,
			);
			buildRules = (
			);
			dependencies = (
			);
			name = "SwiftUI-MVVM";
			productName = "SwiftUI-MVVM";
			productReference = F89C00AE235462CC00282238 /* SwiftUI-MVVM.app */;
			productType = "com.apple.product-type.application";
		};
		F89C00C3235462CD00282238 /* SwiftUI-MVVMTests */ = {
			isa = PBXNativeTarget;
			buildConfigurationList = F89C00DB235462CD00282238 /* Build configuration list for PBXNativeTarget "SwiftUI-MVVMTests" */;
			buildPhases = (
				F89C00C0235462CD00282238 /* Sources */,
				F89C00C1235462CD00282238 /* Frameworks */,
				F89C00C2235462CD00282238 /* Resources */,
			);
			buildRules = (
			);
			dependencies = (
				F89C00C6235462CD00282238 /* PBXTargetDependency */,
			);
			name = "SwiftUI-MVVMTests";
			productName = "SwiftUI-MVVMTests";
			productReference = F89C00C4235462CD00282238 /* SwiftUI-MVVMTests.xctest */;
			productType = "com.apple.product-type.bundle.unit-test";
		};
		F89C00CE235462CD00282238 /* SwiftUI-MVVMUITests */ = {
			isa = PBXNativeTarget;
			buildConfigurationList = F89C00DE235462CD00282238 /* Build configuration list for PBXNativeTarget "SwiftUI-MVVMUITests" */;
			buildPhases = (
				F89C00CB235462CD00282238 /* Sources */,
				F89C00CC235462CD00282238 /* Frameworks */,
				F89C00CD235462CD00282238 /* Resources */,
			);
			buildRules = (
			);
			dependencies = (
				F89C00D1235462CD00282238 /* PBXTargetDependency */,
			);
			name = "SwiftUI-MVVMUITests";
			productName = "SwiftUI-MVVMUITests";
			productReference = F89C00CF235462CD00282238 /* SwiftUI-MVVMUITests.xctest */;
			productType = "com.apple.product-type.bundle.ui-testing";
		};
/* End PBXNativeTarget section */

/* Begin PBXProject section */
		F89C00A6235462CC00282238 /* Project object */ = {
			isa = PBXProject;
			attributes = {
				LastSwiftUpdateCheck = 1110;
				LastUpgradeCheck = 1110;
				ORGANIZATIONNAME = example;
				TargetAttributes = {
					F89C00AD235462CC00282238 = {
						CreatedOnToolsVersion = 11.1;
					};
					F89C00C3235462CD00282238 = {
						CreatedOnToolsVersion = 11.1;
						TestTargetID = F89C00AD235462CC00282238;
					};
					F89C00CE235462CD00282238 = {
						CreatedOnToolsVersion = 11.1;
						TestTargetID = F89C00AD235462CC00282238;
					};
				};
			};
			buildConfigurationList = F89C00A9235462CC00282238 /* Build configuration list for PBXProject "SwiftUI-MVVM" */;
			compatibilityVersion = "Xcode 9.3";
			developmentRegion = en;
			hasScannedForEncodings = 0;
			knownRegions = (
				en,
				Base,
			);
			mainGroup = F89C00A5235462CC00282238;
			productRefGroup = F89C00AF235462CC00282238 /* Products */;
			projectDirPath = "";
			projectRoot = "";
			targets = (
				F89C00AD235462CC00282238 /* SwiftUI-MVVM */,
				F89C00C3235462CD00282238 /* SwiftUI-MVVMTests */,
				F89C00CE235462CD00282238 /* SwiftUI-MVVMUITests */,
			);
		};
/* End PBXProject section */

/* Begin PBXResourcesBuildPhase section */
		F89C00AC235462CC00282238 /* Resources */ = {
			isa = PBXResourcesBuildPhase;
			buildActionMask = 2147483647;
			files = (
				F89C00BE235462CD00282238 /* LaunchScreen.storyboard in Resources */,
				F89C00BB235462CD00282238 /* Preview Assets.xcassets in Resources */,
				F89C00B8235462CD00282238 /* Assets.xcassets in Resources */,
			);
			runOnlyForDeploymentPostprocessing = 0;
		};
		F89C00C2235462CD00282238 /* Resources */ = {
			isa = PBXResourcesBuildPhase;
			buildActionMask = 2147483647;
			files = (
			);
			runOnlyForDeploymentPostprocessing = 0;
		};
		F89C00CD235462CD00282238 /* Resources */ = {
			isa = PBXResourcesBuildPhase;
			buildActionMask = 2147483647;
			files = (
			);
			runOnlyForDeploymentPostprocessing = 0;
		};
/* End PBXResourcesBuildPhase section */

/* Begin PBXSourcesBuildPhase section */
		F89C00AA235462CC00282238 /* Sources */ = {
			isa = PBXSourcesBuildPhase;
			buildActionMask = 2147483647;
			files = (
				F8D66B8223549542003D1E46 /* Session.swift in Sources */,
				F8D66B8623549A2D003D1E46 /* HomeViewModel.swift in Sources */,
				F8D66B7E2354904A003D1E46 /* RootView.swift in Sources */,
				F89C00E22354634600282238 /* LoginViewModel.swift in Sources */,
				F8D66B7C23548C41003D1E46 /* AuthProvider.swift in Sources */,
				F8D66B7A23548BD5003D1E46 /* AuthProviderProtocol.swift in Sources */,
				F8D66B842354971F003D1E46 /* HomeView.swift in Sources */,
				F89C00B2235462CC00282238 /* AppDelegate.swift in Sources */,
				F89C00B4235462CC00282238 /* SceneDelegate.swift in Sources */,
				F8D66B7623547F43003D1E46 /* User.swift in Sources */,
				F89C00B6235462CC00282238 /* LoginView.swift in Sources */,
			);
			runOnlyForDeploymentPostprocessing = 0;
		};
		F89C00C0235462CD00282238 /* Sources */ = {
			isa = PBXSourcesBuildPhase;
			buildActionMask = 2147483647;
			files = (
				F89C00C9235462CD00282238 /* SwiftUI_MVVMTests.swift in Sources */,
			);
			runOnlyForDeploymentPostprocessing = 0;
		};
		F89C00CB235462CD00282238 /* Sources */ = {
			isa = PBXSourcesBuildPhase;
			buildActionMask = 2147483647;
			files = (
				F89C00D4235462CD00282238 /* SwiftUI_MVVMUITests.swift in Sources */,
			);
			runOnlyForDeploymentPostprocessing = 0;
		};
/* End PBXSourcesBuildPhase section */

/* Begin PBXTargetDependency section */
		F89C00C6235462CD00282238 /* PBXTargetDependency */ = {
			isa = PBXTargetDependency;
			target = F89C00AD235462CC00282238 /* SwiftUI-MVVM */;
			targetProxy = F89C00C5235462CD00282238 /* PBXContainerItemProxy */;
		};
		F89C00D1235462CD00282238 /* PBXTargetDependency */ = {
			isa = PBXTargetDependency;
			target = F89C00AD235462CC00282238 /* SwiftUI-MVVM */;
			targetProxy = F89C00D0235462CD00282238 /* PBXContainerItemProxy */;
		};
/* End PBXTargetDependency section */

/* Begin PBXVariantGroup section */
		F89C00BC235462CD00282238 /* LaunchScreen.storyboard */ = {
			isa = PBXVariantGroup;
			children = (
				F89C00BD235462CD00282238 /* Base */,
			);
			name = LaunchScreen.storyboard;
			sourceTree = "<group>";
		};
/* End PBXVariantGroup section */

/* Begin XCBuildConfiguration section */
		F89C00D6235462CD00282238 /* Debug */ = {
			isa = XCBuildConfiguration;
			buildSettings = {
				ALWAYS_SEARCH_USER_PATHS = NO;
				CLANG_ANALYZER_NONNULL = YES;
				CLANG_ANALYZER_NUMBER_OBJECT_CONVERSION = YES_AGGRESSIVE;
				CLANG_CXX_LANGUAGE_STANDARD = "gnu++14";
				CLANG_CXX_LIBRARY = "libc++";
				CLANG_ENABLE_MODULES = YES;
				CLANG_ENABLE_OBJC_ARC = YES;
				CLANG_ENABLE_OBJC_WEAK = YES;
				CLANG_WARN_BLOCK_CAPTURE_AUTORELEASING = YES;
				CLANG_WARN_BOOL_CONVERSION = YES;
				CLANG_WARN_COMMA = YES;
				CLANG_WARN_CONSTANT_CONVERSION = YES;
				CLANG_WARN_DEPRECATED_OBJC_IMPLEMENTATIONS = YES;
				CLANG_WARN_DIRECT_OBJC_ISA_USAGE = YES_ERROR;
				CLANG_WARN_DOCUMENTATION_COMMENTS = YES;
				CLANG_WARN_EMPTY_BODY = YES;
				CLANG_WARN_ENUM_CONVERSION = YES;
				CLANG_WARN_INFINITE_RECURSION = YES;
				CLANG_WARN_INT_CONVERSION = YES;
				CLANG_WARN_NON_LITERAL_NULL_CONVERSION = YES;
				CLANG_WARN_OBJC_IMPLICIT_RETAIN_SELF = YES;
				CLANG_WARN_OBJC_LITERAL_CONVERSION = YES;
				CLANG_WARN_OBJC_ROOT_CLASS = YES_ERROR;
				CLANG_WARN_RANGE_LOOP_ANALYSIS = YES;
				CLANG_WARN_STRICT_PROTOTYPES = YES;
				CLANG_WARN_SUSPICIOUS_MOVE = YES;
				CLANG_WARN_UNGUARDED_AVAILABILITY = YES_AGGRESSIVE;
				CLANG_WARN_UNREACHABLE_CODE = YES;
				CLANG_WARN__DUPLICATE_METHOD_MATCH = YES;
				COPY_PHASE_STRIP = NO;
				DEBUG_INFORMATION_FORMAT = dwarf;
				ENABLE_STRICT_OBJC_MSGSEND = YES;
				ENABLE_TESTABILITY = YES;
				GCC_C_LANGUAGE_STANDARD = gnu11;
				GCC_DYNAMIC_NO_PIC = NO;
				GCC_NO_COMMON_BLOCKS = YES;
				GCC_OPTIMIZATION_LEVEL = 0;
				GCC_PREPROCESSOR_DEFINITIONS = (
					"DEBUG=1",
					"$(inherited)",
				);
				GCC_WARN_64_TO_32_BIT_CONVERSION = YES;
				GCC_WARN_ABOUT_RETURN_TYPE = YES_ERROR;
				GCC_WARN_UNDECLARED_SELECTOR = YES;
				GCC_WARN_UNINITIALIZED_AUTOS = YES_AGGRESSIVE;
				GCC_WARN_UNUSED_FUNCTION = YES;
				GCC_WARN_UNUSED_VARIABLE = YES;
				IPHONEOS_DEPLOYMENT_TARGET = 13.1;
				MTL_ENABLE_DEBUG_INFO = INCLUDE_SOURCE;
				MTL_FAST_MATH = YES;
				ONLY_ACTIVE_ARCH = YES;
				SDKROOT = iphoneos;
				SWIFT_ACTIVE_COMPILATION_CONDITIONS = DEBUG;
				SWIFT_OPTIMIZATION_LEVEL = "-Onone";
			};
			name = Debug;
		};
		F89C00D7235462CD00282238 /* Release */ = {
			isa = XCBuildConfiguration;
			buildSettings = {
				ALWAYS_SEARCH_USER_PATHS = NO;
				CLANG_ANALYZER_NONNULL = YES;
				CLANG_ANALYZER_NUMBER_OBJECT_CONVERSION = YES_AGGRESSIVE;
				CLANG_CXX_LANGUAGE_STANDARD = "gnu++14";
				CLANG_CXX_LIBRARY = "libc++";
				CLANG_ENABLE_MODULES = YES;
				CLANG_ENABLE_OBJC_ARC = YES;
				CLANG_ENABLE_OBJC_WEAK = YES;
				CLANG_WARN_BLOCK_CAPTURE_AUTORELEASING = YES;
				CLANG_WARN_BOOL_CONVERSION = YES;
				CLANG_WARN_COMMA = YES;
				CLANG_WARN_CONSTANT_CONVERSION = YES;
				CLANG_WARN_DEPRECATED_OBJC_IMPLEMENTATIONS = YES;
				CLANG_WARN_DIRECT_OBJC_ISA_USAGE = YES_ERROR;
				CLANG_WARN_DOCUMENTATION_COMMENTS = YES;
				CLANG_WARN_EMPTY_BODY = YES;
				CLANG_WARN_ENUM_CONVERSION = YES;
				CLANG_WARN_INFINITE_RECURSION = YES;
				CLANG_WARN_INT_CONVERSION = YES;
				CLANG_WARN_NON_LITERAL_NULL_CONVERSION = YES;
				CLANG_WARN_OBJC_IMPLICIT_RETAIN_SELF = YES;
				CLANG_WARN_OBJC_LITERAL_CONVERSION = YES;
				CLANG_WARN_OBJC_ROOT_CLASS = YES_ERROR;
				CLANG_WARN_RANGE_LOOP_ANALYSIS = YES;
				CLANG_WARN_STRICT_PROTOTYPES = YES;
				CLANG_WARN_SUSPICIOUS_MOVE = YES;
				CLANG_WARN_UNGUARDED_AVAILABILITY = YES_AGGRESSIVE;
				CLANG_WARN_UNREACHABLE_CODE = YES;
				CLANG_WARN__DUPLICATE_METHOD_MATCH = YES;
				COPY_PHASE_STRIP = NO;
				DEBUG_INFORMATION_FORMAT = "dwarf-with-dsym";
				ENABLE_NS_ASSERTIONS = NO;
				ENABLE_STRICT_OBJC_MSGSEND = YES;
				GCC_C_LANGUAGE_STANDARD = gnu11;
				GCC_NO_COMMON_BLOCKS = YES;
				GCC_WARN_64_TO_32_BIT_CONVERSION = YES;
				GCC_WARN_ABOUT_RETURN_TYPE = YES_ERROR;
				GCC_WARN_UNDECLARED_SELECTOR = YES;
				GCC_WARN_UNINITIALIZED_AUTOS = YES_AGGRESSIVE;
				GCC_WARN_UNUSED_FUNCTION = YES;
				GCC_WARN_UNUSED_VARIABLE = YES;
				IPHONEOS_DEPLOYMENT_TARGET = 13.1;
				MTL_ENABLE_DEBUG_INFO = NO;
				MTL_FAST_MATH = YES;
				SDKROOT = iphoneos;
				SWIFT_COMPILATION_MODE = wholemodule;
				SWIFT_OPTIMIZATION_LEVEL = "-O";
				VALIDATE_PRODUCT = YES;
			};
			name = Release;
		};
		F89C00D9235462CD00282238 /* Debug */ = {
			isa = XCBuildConfiguration;
			buildSettings = {
				ASSETCATALOG_COMPILER_APPICON_NAME = AppIcon;
				CODE_SIGN_STYLE = Automatic;
				DEVELOPMENT_ASSET_PATHS = "\"SwiftUI-MVVM/Preview Content\"";
				ENABLE_PREVIEWS = YES;
				INFOPLIST_FILE = "SwiftUI-MVVM/Info.plist";
				LD_RUNPATH_SEARCH_PATHS = (
					"$(inherited)",
					"@executable_path/Frameworks",
				);
				PRODUCT_BUNDLE_IDENTIFIER = "com.example.SwiftUI-MVVM";
				PRODUCT_NAME = "$(TARGET_NAME)";
				SWIFT_VERSION = 5.0;
				TARGETED_DEVICE_FAMILY = "1,2";
			};
			name = Debug;
		};
		F89C00DA235462CD00282238 /* Release */ = {
			isa = XCBuildConfiguration;
			buildSettings = {
				ASSETCATALOG_COMPILER_APPICON_NAME = AppIcon;
				CODE_SIGN_STYLE = Automatic;
				DEVELOPMENT_ASSET_PATHS = "\"SwiftUI-MVVM/Preview Content\"";
				ENABLE_PREVIEWS = YES;
				INFOPLIST_FILE = "SwiftUI-MVVM/Info.plist";
				LD_RUNPATH_SEARCH_PATHS = (
					"$(inherited)",
					"@executable_path/Frameworks",
				);
				PRODUCT_BUNDLE_IDENTIFIER = "com.example.SwiftUI-MVVM";
				PRODUCT_NAME = "$(TARGET_NAME)";
				SWIFT_VERSION = 5.0;
				TARGETED_DEVICE_FAMILY = "1,2";
			};
			name = Release;
		};
		F89C00DC235462CD00282238 /* Debug */ = {
			isa = XCBuildConfiguration;
			buildSettings = {
				ALWAYS_EMBED_SWIFT_STANDARD_LIBRARIES = YES;
				BUNDLE_LOADER = "$(TEST_HOST)";
				CODE_SIGN_STYLE = Automatic;
				INFOPLIST_FILE = "SwiftUI-MVVMTests/Info.plist";
				IPHONEOS_DEPLOYMENT_TARGET = 13.1;
				LD_RUNPATH_SEARCH_PATHS = (
					"$(inherited)",
					"@executable_path/Frameworks",
					"@loader_path/Frameworks",
				);
				PRODUCT_BUNDLE_IDENTIFIER = "com.example.SwiftUI-MVVMTests";
				PRODUCT_NAME = "$(TARGET_NAME)";
				SWIFT_VERSION = 5.0;
				TARGETED_DEVICE_FAMILY = "1,2";
				TEST_HOST = "$(BUILT_PRODUCTS_DIR)/SwiftUI-MVVM.app/SwiftUI-MVVM";
			};
			name = Debug;
		};
		F89C00DD235462CD00282238 /* Release */ = {
			isa = XCBuildConfiguration;
			buildSettings = {
				ALWAYS_EMBED_SWIFT_STANDARD_LIBRARIES = YES;
				BUNDLE_LOADER = "$(TEST_HOST)";
				CODE_SIGN_STYLE = Automatic;
				INFOPLIST_FILE = "SwiftUI-MVVMTests/Info.plist";
				IPHONEOS_DEPLOYMENT_TARGET = 13.1;
				LD_RUNPATH_SEARCH_PATHS = (
					"$(inherited)",
					"@executable_path/Frameworks",
					"@loader_path/Frameworks",
				);
				PRODUCT_BUNDLE_IDENTIFIER = "com.example.SwiftUI-MVVMTests";
				PRODUCT_NAME = "$(TARGET_NAME)";
				SWIFT_VERSION = 5.0;
				TARGETED_DEVICE_FAMILY = "1,2";
				TEST_HOST = "$(BUILT_PRODUCTS_DIR)/SwiftUI-MVVM.app/SwiftUI-MVVM";
			};
			name = Release;
		};
		F89C00DF235462CD00282238 /* Debug */ = {
			isa = XCBuildConfiguration;
			buildSettings = {
				ALWAYS_EMBED_SWIFT_STANDARD_LIBRARIES = YES;
				CODE_SIGN_STYLE = Automatic;
				INFOPLIST_FILE = "SwiftUI-MVVMUITests/Info.plist";
				LD_RUNPATH_SEARCH_PATHS = (
					"$(inherited)",
					"@executable_path/Frameworks",
					"@loader_path/Frameworks",
				);
				PRODUCT_BUNDLE_IDENTIFIER = "com.example.SwiftUI-MVVMUITests";
				PRODUCT_NAME = "$(TARGET_NAME)";
				SWIFT_VERSION = 5.0;
				TARGETED_DEVICE_FAMILY = "1,2";
				TEST_TARGET_NAME = "SwiftUI-MVVM";
			};
			name = Debug;
		};
		F89C00E0235462CD00282238 /* Release */ = {
			isa = XCBuildConfiguration;
			buildSettings = {
				ALWAYS_EMBED_SWIFT_STANDARD_LIBRARIES = YES;
				CODE_SIGN_STYLE = Automatic;
				INFOPLIST_FILE = "SwiftUI-MVVMUITests/Info.plist";
				LD_RUNPATH_SEARCH_PATHS = (
					"$(inherited)",
					"@executable_path/Frameworks",
					"@loader_path/Frameworks",
				);
				PRODUCT_BUNDLE_IDENTIFIER = "com.example.SwiftUI-MVVMUITests";
				PRODUCT_NAME = "$(TARGET_NAME)";
				SWIFT_VERSION = 5.0;
				TARGETED_DEVICE_FAMILY = "1,2";
				TEST_TARGET_NAME = "SwiftUI-MVVM";
			};
			name = Release;
		};
/* End XCBuildConfiguration section */

/* Begin XCConfigurationList section */
		F89C00A9235462CC00282238 /* Build configuration list for PBXProject "SwiftUI-MVVM" */ = {
			isa = XCConfigurationList;
			buildConfigurations = (
				F89C00D6235462CD00282238 /* Debug */,
				F89C00D7235462CD00282238 /* Release */,
			);
			defaultConfigurationIsVisible = 0;
			defaultConfigurationName = Release;
		};
		F89C00D8235462CD00282238 /* Build configuration list for PBXNativeTarget "SwiftUI-MVVM" */ = {
			isa = XCConfigurationList;
			buildConfigurations = (
				F89C00D9235462CD00282238 /* Debug */,
				F89C00DA235462CD00282238 /* Release */,
			);
			defaultConfigurationIsVisible = 0;
			defaultConfigurationName = Release;
		};
		F89C00DB235462CD00282238 /* Build configuration list for PBXNativeTarget "SwiftUI-MVVMTests" */ = {
			isa = XCConfigurationList;
			buildConfigurations = (
				F89C00DC235462CD00282238 /* Debug */,
				F89C00DD235462CD00282238 /* Release */,
			);
			defaultConfigurationIsVisible = 0;
			defaultConfigurationName = Release;
		};
		F89C00DE235462CD00282238 /* Build configuration list for PBXNativeTarget "SwiftUI-MVVMUITests" */ = {
			isa = XCConfigurationList;
			buildConfigurations = (
				F89C00DF235462CD00282238 /* Debug */,
				F89C00E0235462CD00282238 /* Release */,
			);
			defaultConfigurationIsVisible = 0;
			defaultConfigurationName = Release;
		};
/* End XCConfigurationList section */
	};
	rootObject = F89C00A6235462CC00282238 /* Project object */;
}
